// !$*UTF8*$!
{
	archiveVersion = 1;
	classes = {
	};
	objectVersion = 46;
	objects = {

/* Begin PBXBuildFile section */
		A9E65E86208930E60059E935 /* AppDelegate.swift in Sources */ = {isa = PBXBuildFile; fileRef = A9E65E85208930E60059E935 /* AppDelegate.swift */; };
		A9E65E88208930E60059E935 /* ViewController.swift in Sources */ = {isa = PBXBuildFile; fileRef = A9E65E87208930E60059E935 /* ViewController.swift */; };
		A9E65E8B208930E60059E935 /* Main.storyboard in Resources */ = {isa = PBXBuildFile; fileRef = A9E65E89208930E60059E935 /* Main.storyboard */; };
		A9E65E8D208930E60059E935 /* Assets.xcassets in Resources */ = {isa = PBXBuildFile; fileRef = A9E65E8C208930E60059E935 /* Assets.xcassets */; };
		A9E65E90208930E60059E935 /* LaunchScreen.storyboard in Resources */ = {isa = PBXBuildFile; fileRef = A9E65E8E208930E60059E935 /* LaunchScreen.storyboard */; };
		A9E65E9B208930E60059E935 /* Search_FilterTests.swift in Sources */ = {isa = PBXBuildFile; fileRef = A9E65E9A208930E60059E935 /* Search_FilterTests.swift */; };
		A9E65EA6208930E60059E935 /* Search_FilterUITests.swift in Sources */ = {isa = PBXBuildFile; fileRef = A9E65EA5208930E60059E935 /* Search_FilterUITests.swift */; };
/* End PBXBuildFile section */

/* Begin PBXContainerItemProxy section */
		A9E65E97208930E60059E935 /* PBXContainerItemProxy */ = {
			isa = PBXContainerItemProxy;
			containerPortal = A9E65E7A208930E60059E935 /* Project object */;
			proxyType = 1;
			remoteGlobalIDString = A9E65E81208930E60059E935;
			remoteInfo = "Search-Filter";
		};
		A9E65EA2208930E60059E935 /* PBXContainerItemProxy */ = {
			isa = PBXContainerItemProxy;
			containerPortal = A9E65E7A208930E60059E935 /* Project object */;
			proxyType = 1;
			remoteGlobalIDString = A9E65E81208930E60059E935;
			remoteInfo = "Search-Filter";
		};
/* End PBXContainerItemProxy section */

/* Begin PBXFileReference section */
		A9E65E82208930E60059E935 /* Search-Filter.app */ = {isa = PBXFileReference; explicitFileType = wrapper.application; includeInIndex = 0; path = "Search-Filter.app"; sourceTree = BUILT_PRODUCTS_DIR; };
		A9E65E85208930E60059E935 /* AppDelegate.swift */ = {isa = PBXFileReference; lastKnownFileType = sourcecode.swift; path = AppDelegate.swift; sourceTree = "<group>"; };
		A9E65E87208930E60059E935 /* ViewController.swift */ = {isa = PBXFileReference; lastKnownFileType = sourcecode.swift; path = ViewController.swift; sourceTree = "<group>"; };
		A9E65E8A208930E60059E935 /* Base */ = {isa = PBXFileReference; lastKnownFileType = file.storyboard; name = Base; path = Base.lproj/Main.storyboard; sourceTree = "<group>"; };
		A9E65E8C208930E60059E935 /* Assets.xcassets */ = {isa = PBXFileReference; lastKnownFileType = folder.assetcatalog; path = Assets.xcassets; sourceTree = "<group>"; };
		A9E65E8F208930E60059E935 /* Base */ = {isa = PBXFileReference; lastKnownFileType = file.storyboard; name = Base; path = Base.lproj/LaunchScreen.storyboard; sourceTree = "<group>"; };
		A9E65E91208930E60059E935 /* Info.plist */ = {isa = PBXFileReference; lastKnownFileType = text.plist.xml; path = Info.plist; sourceTree = "<group>"; };
		A9E65E96208930E60059E935 /* Search-FilterTests.xctest */ = {isa = PBXFileReference; explicitFileType = wrapper.cfbundle; includeInIndex = 0; path = "Search-FilterTests.xctest"; sourceTree = BUILT_PRODUCTS_DIR; };
		A9E65E9A208930E60059E935 /* Search_FilterTests.swift */ = {isa = PBXFileReference; lastKnownFileType = sourcecode.swift; path = Search_FilterTests.swift; sourceTree = "<group>"; };
		A9E65E9C208930E60059E935 /* Info.plist */ = {isa = PBXFileReference; lastKnownFileType = text.plist.xml; path = Info.plist; sourceTree = "<group>"; };
		A9E65EA1208930E60059E935 /* Search-FilterUITests.xctest */ = {isa = PBXFileReference; explicitFileType = wrapper.cfbundle; includeInIndex = 0; path = "Search-FilterUITests.xctest"; sourceTree = BUILT_PRODUCTS_DIR; };
		A9E65EA5208930E60059E935 /* Search_FilterUITests.swift */ = {isa = PBXFileReference; lastKnownFileType = sourcecode.swift; path = Search_FilterUITests.swift; sourceTree = "<group>"; };
		A9E65EA7208930E60059E935 /* Info.plist */ = {isa = PBXFileReference; lastKnownFileType = text.plist.xml; path = Info.plist; sourceTree = "<group>"; };
/* End PBXFileReference section */

/* Begin PBXFrameworksBuildPhase section */
		A9E65E7F208930E60059E935 /* Frameworks */ = {
			isa = PBXFrameworksBuildPhase;
			buildActionMask = 2147483647;
			files = (
			);
			runOnlyForDeploymentPostprocessing = 0;
		};
		A9E65E93208930E60059E935 /* Frameworks */ = {
			isa = PBXFrameworksBuildPhase;
			buildActionMask = 2147483647;
			files = (
			);
			runOnlyForDeploymentPostprocessing = 0;
		};
		A9E65E9E208930E60059E935 /* Frameworks */ = {
			isa = PBXFrameworksBuildPhase;
			buildActionMask = 2147483647;
			files = (
			);
			runOnlyForDeploymentPostprocessing = 0;
		};
/* End PBXFrameworksBuildPhase section */

/* Begin PBXGroup section */
		A9E65E79208930E60059E935 = {
			isa = PBXGroup;
			children = (
				A9E65E84208930E60059E935 /* Search-Filter */,
				A9E65E99208930E60059E935 /* Search-FilterTests */,
				A9E65EA4208930E60059E935 /* Search-FilterUITests */,
				A9E65E83208930E60059E935 /* Products */,
			);
			sourceTree = "<group>";
		};
		A9E65E83208930E60059E935 /* Products */ = {
			isa = PBXGroup;
			children = (
				A9E65E82208930E60059E935 /* Search-Filter.app */,
				A9E65E96208930E60059E935 /* Search-FilterTests.xctest */,
				A9E65EA1208930E60059E935 /* Search-FilterUITests.xctest */,
			);
			name = Products;
			sourceTree = "<group>";
		};
		A9E65E84208930E60059E935 /* Search-Filter */ = {
			isa = PBXGroup;
			children = (
				A9E65E85208930E60059E935 /* AppDelegate.swift */,
				A9E65E87208930E60059E935 /* ViewController.swift */,
				A9E65E89208930E60059E935 /* Main.storyboard */,
				A9E65E8C208930E60059E935 /* Assets.xcassets */,
				A9E65E8E208930E60059E935 /* LaunchScreen.storyboard */,
				A9E65E91208930E60059E935 /* Info.plist */,
			);
			path = "Search-Filter";
			sourceTree = "<group>";
		};
		A9E65E99208930E60059E935 /* Search-FilterTests */ = {
			isa = PBXGroup;
			children = (
				A9E65E9A208930E60059E935 /* Search_FilterTests.swift */,
				A9E65E9C208930E60059E935 /* Info.plist */,
			);
			path = "Search-FilterTests";
			sourceTree = "<group>";
		};
		A9E65EA4208930E60059E935 /* Search-FilterUITests */ = {
			isa = PBXGroup;
			children = (
				A9E65EA5208930E60059E935 /* Search_FilterUITests.swift */,
				A9E65EA7208930E60059E935 /* Info.plist */,
			);
			path = "Search-FilterUITests";
			sourceTree = "<group>";
		};
/* End PBXGroup section */

/* Begin PBXNativeTarget section */
		A9E65E81208930E60059E935 /* Search-Filter */ = {
			isa = PBXNativeTarget;
			buildConfigurationList = A9E65EAA208930E60059E935 /* Build configuration list for PBXNativeTarget "Search-Filter" */;
			buildPhases = (
				A9E65E7E208930E60059E935 /* Sources */,
				A9E65E7F208930E60059E935 /* Frameworks */,
				A9E65E80208930E60059E935 /* Resources */,
			);
			buildRules = (
			);
			dependencies = (
			);
			name = "Search-Filter";
			productName = "Search-Filter";
			productReference = A9E65E82208930E60059E935 /* Search-Filter.app */;
			productType = "com.apple.product-type.application";
		};
		A9E65E95208930E60059E935 /* Search-FilterTests */ = {
			isa = PBXNativeTarget;
			buildConfigurationList = A9E65EAD208930E60059E935 /* Build configuration list for PBXNativeTarget "Search-FilterTests" */;
			buildPhases = (
				A9E65E92208930E60059E935 /* Sources */,
				A9E65E93208930E60059E935 /* Frameworks */,
				A9E65E94208930E60059E935 /* Resources */,
			);
			buildRules = (
			);
			dependencies = (
				A9E65E98208930E60059E935 /* PBXTargetDependency */,
			);
			name = "Search-FilterTests";
			productName = "Search-FilterTests";
			productReference = A9E65E96208930E60059E935 /* Search-FilterTests.xctest */;
			productType = "com.apple.product-type.bundle.unit-test";
		};
		A9E65EA0208930E60059E935 /* Search-FilterUITests */ = {
			isa = PBXNativeTarget;
			buildConfigurationList = A9E65EB0208930E60059E935 /* Build configuration list for PBXNativeTarget "Search-FilterUITests" */;
			buildPhases = (
				A9E65E9D208930E60059E935 /* Sources */,
				A9E65E9E208930E60059E935 /* Frameworks */,
				A9E65E9F208930E60059E935 /* Resources */,
			);
			buildRules = (
			);
			dependencies = (
				A9E65EA3208930E60059E935 /* PBXTargetDependency */,
			);
			name = "Search-FilterUITests";
			productName = "Search-FilterUITests";
			productReference = A9E65EA1208930E60059E935 /* Search-FilterUITests.xctest */;
			productType = "com.apple.product-type.bundle.ui-testing";
		};
/* End PBXNativeTarget section */

/* Begin PBXProject section */
		A9E65E7A208930E60059E935 /* Project object */ = {
			isa = PBXProject;
			attributes = {
				LastSwiftUpdateCheck = 0830;
				LastUpgradeCheck = 0830;
				ORGANIZATIONNAME = Antonio;
				TargetAttributes = {
					A9E65E81208930E60059E935 = {
						CreatedOnToolsVersion = 8.3.2;
						ProvisioningStyle = Automatic;
					};
					A9E65E95208930E60059E935 = {
						CreatedOnToolsVersion = 8.3.2;
						ProvisioningStyle = Automatic;
						TestTargetID = A9E65E81208930E60059E935;
					};
					A9E65EA0208930E60059E935 = {
						CreatedOnToolsVersion = 8.3.2;
						ProvisioningStyle = Automatic;
						TestTargetID = A9E65E81208930E60059E935;
					};
				};
			};
			buildConfigurationList = A9E65E7D208930E60059E935 /* Build configuration list for PBXProject "Search-Filter" */;
			compatibilityVersion = "Xcode 3.2";
			developmentRegion = English;
			hasScannedForEncodings = 0;
			knownRegions = (
				en,
				Base,
			);
			mainGroup = A9E65E79208930E60059E935;
			productRefGroup = A9E65E83208930E60059E935 /* Products */;
			projectDirPath = "";
			projectRoot = "";
			targets = (
				A9E65E81208930E60059E935 /* Search-Filter */,
				A9E65E95208930E60059E935 /* Search-FilterTests */,
				A9E65EA0208930E60059E935 /* Search-FilterUITests */,
			);
		};
/* End PBXProject section */

/* Begin PBXResourcesBuildPhase section */
		A9E65E80208930E60059E935 /* Resources */ = {
			isa = PBXResourcesBuildPhase;
			buildActionMask = 2147483647;
			files = (
				A9E65E90208930E60059E935 /* LaunchScreen.storyboard in Resources */,
				A9E65E8D208930E60059E935 /* Assets.xcassets in Resources */,
				A9E65E8B208930E60059E935 /* Main.storyboard in Resources */,
			);
			runOnlyForDeploymentPostprocessing = 0;
		};
		A9E65E94208930E60059E935 /* Resources */ = {
			isa = PBXResourcesBuildPhase;
			buildActionMask = 2147483647;
			files = (
			);
			runOnlyForDeploymentPostprocessing = 0;
		};
		A9E65E9F208930E60059E935 /* Resources */ = {
			isa = PBXResourcesBuildPhase;
			buildActionMask = 2147483647;
			files = (
			);
			runOnlyForDeploymentPostprocessing = 0;
		};
/* End PBXResourcesBuildPhase section */

/* Begin PBXSourcesBuildPhase section */
		A9E65E7E208930E60059E935 /* Sources */ = {
			isa = PBXSourcesBuildPhase;
			buildActionMask = 2147483647;
			files = (
				A9E65E88208930E60059E935 /* ViewController.swift in Sources */,
				A9E65E86208930E60059E935 /* AppDelegate.swift in Sources */,
			);
			runOnlyForDeploymentPostprocessing = 0;
		};
		A9E65E92208930E60059E935 /* Sources */ = {
			isa = PBXSourcesBuildPhase;
			buildActionMask = 2147483647;
			files = (
				A9E65E9B208930E60059E935 /* Search_FilterTests.swift in Sources */,
			);
			runOnlyForDeploymentPostprocessing = 0;
		};
		A9E65E9D208930E60059E935 /* Sources */ = {
			isa = PBXSourcesBuildPhase;
			buildActionMask = 2147483647;
			files = (
				A9E65EA6208930E60059E935 /* Search_FilterUITests.swift in Sources */,
			);
			runOnlyForDeploymentPostprocessing = 0;
		};
/* End PBXSourcesBuildPhase section */

/* Begin PBXTargetDependency section */
		A9E65E98208930E60059E935 /* PBXTargetDependency */ = {
			isa = PBXTargetDependency;
			target = A9E65E81208930E60059E935 /* Search-Filter */;
			targetProxy = A9E65E97208930E60059E935 /* PBXContainerItemProxy */;
		};
		A9E65EA3208930E60059E935 /* PBXTargetDependency */ = {
			isa = PBXTargetDependency;
			target = A9E65E81208930E60059E935 /* Search-Filter */;
			targetProxy = A9E65EA2208930E60059E935 /* PBXContainerItemProxy */;
		};
/* End PBXTargetDependency section */

/* Begin PBXVariantGroup section */
		A9E65E89208930E60059E935 /* Main.storyboard */ = {
			isa = PBXVariantGroup;
			children = (
				A9E65E8A208930E60059E935 /* Base */,
			);
			name = Main.storyboard;
			sourceTree = "<group>";
		};
		A9E65E8E208930E60059E935 /* LaunchScreen.storyboard */ = {
			isa = PBXVariantGroup;
			children = (
				A9E65E8F208930E60059E935 /* Base */,
			);
			name = LaunchScreen.storyboard;
			sourceTree = "<group>";
		};
/* End PBXVariantGroup section */

/* Begin XCBuildConfiguration section */
		A9E65EA8208930E60059E935 /* Debug */ = {
			isa = XCBuildConfiguration;
			buildSettings = {
				ALWAYS_SEARCH_USER_PATHS = NO;
				CLANG_ANALYZER_NONNULL = YES;
				CLANG_ANALYZER_NUMBER_OBJECT_CONVERSION = YES_AGGRESSIVE;
				CLANG_CXX_LANGUAGE_STANDARD = "gnu++0x";
				CLANG_CXX_LIBRARY = "libc++";
				CLANG_ENABLE_MODULES = YES;
				CLANG_ENABLE_OBJC_ARC = YES;
				CLANG_WARN_BOOL_CONVERSION = YES;
				CLANG_WARN_CONSTANT_CONVERSION = YES;
				CLANG_WARN_DIRECT_OBJC_ISA_USAGE = YES_ERROR;
				CLANG_WARN_DOCUMENTATION_COMMENTS = YES;
				CLANG_WARN_EMPTY_BODY = YES;
				CLANG_WARN_ENUM_CONVERSION = YES;
				CLANG_WARN_INFINITE_RECURSION = YES;
				CLANG_WARN_INT_CONVERSION = YES;
				CLANG_WARN_OBJC_ROOT_CLASS = YES_ERROR;
				CLANG_WARN_SUSPICIOUS_MOVE = YES;
				CLANG_WARN_UNREACHABLE_CODE = YES;
				CLANG_WARN__DUPLICATE_METHOD_MATCH = YES;
				"CODE_SIGN_IDENTITY[sdk=iphoneos*]" = "iPhone Developer";
				COPY_PHASE_STRIP = NO;
				DEBUG_INFORMATION_FORMAT = dwarf;
				ENABLE_STRICT_OBJC_MSGSEND = YES;
				ENABLE_TESTABILITY = YES;
				GCC_C_LANGUAGE_STANDARD = gnu99;
				GCC_DYNAMIC_NO_PIC = NO;
				GCC_NO_COMMON_BLOCKS = YES;
				GCC_OPTIMIZATION_LEVEL = 0;
				GCC_PREPROCESSOR_DEFINITIONS = (
					"DEBUG=1",
					"$(inherited)",
				);
				GCC_WARN_64_TO_32_BIT_CONVERSION = YES;
				GCC_WARN_ABOUT_RETURN_TYPE = YES_ERROR;
				GCC_WARN_UNDECLARED_SELECTOR = YES;
				GCC_WARN_UNINITIALIZED_AUTOS = YES_AGGRESSIVE;
				GCC_WARN_UNUSED_FUNCTION = YES;
				GCC_WARN_UNUSED_VARIABLE = YES;
				IPHONEOS_DEPLOYMENT_TARGET = 10.3;
				MTL_ENABLE_DEBUG_INFO = YES;
				ONLY_ACTIVE_ARCH = YES;
				SDKROOT = iphoneos;
				SWIFT_ACTIVE_COMPILATION_CONDITIONS = DEBUG;
				SWIFT_OPTIMIZATION_LEVEL = "-Onone";
			};
			name = Debug;
		};
		A9E65EA9208930E60059E935 /* Release */ = {
			isa = XCBuildConfiguration;
			buildSettings = {
				ALWAYS_SEARCH_USER_PATHS = NO;
				CLANG_ANALYZER_NONNULL = YES;
				CLANG_ANALYZER_NUMBER_OBJECT_CONVERSION = YES_AGGRESSIVE;
				CLANG_CXX_LANGUAGE_STANDARD = "gnu++0x";
				CLANG_CXX_LIBRARY = "libc++";
				CLANG_ENABLE_MODULES = YES;
				CLANG_ENABLE_OBJC_ARC = YES;
				CLANG_WARN_BOOL_CONVERSION = YES;
				CLANG_WARN_CONSTANT_CONVERSION = YES;
				CLANG_WARN_DIRECT_OBJC_ISA_USAGE = YES_ERROR;
				CLANG_WARN_DOCUMENTATION_COMMENTS = YES;
				CLANG_WARN_EMPTY_BODY = YES;
				CLANG_WARN_ENUM_CONVERSION = YES;
				CLANG_WARN_INFINITE_RECURSION = YES;
				CLANG_WARN_INT_CONVERSION = YES;
				CLANG_WARN_OBJC_ROOT_CLASS = YES_ERROR;
				CLANG_WARN_SUSPICIOUS_MOVE = YES;
				CLANG_WARN_UNREACHABLE_CODE = YES;
				CLANG_WARN__DUPLICATE_METHOD_MATCH = YES;
				"CODE_SIGN_IDENTITY[sdk=iphoneos*]" = "iPhone Developer";
				COPY_PHASE_STRIP = NO;
				DEBUG_INFORMATION_FORMAT = "dwarf-with-dsym";
				ENABLE_NS_ASSERTIONS = NO;
				ENABLE_STRICT_OBJC_MSGSEND = YES;
				GCC_C_LANGUAGE_STANDARD = gnu99;
				GCC_NO_COMMON_BLOCKS = YES;
				GCC_WARN_64_TO_32_BIT_CONVERSION = YES;
				GCC_WARN_ABOUT_RETURN_TYPE = YES_ERROR;
				GCC_WARN_UNDECLARED_SELECTOR = YES;
				GCC_WARN_UNINITIALIZED_AUTOS = YES_AGGRESSIVE;
				GCC_WARN_UNUSED_FUNCTION = YES;
				GCC_WARN_UNUSED_VARIABLE = YES;
				IPHONEOS_DEPLOYMENT_TARGET = 10.3;
				MTL_ENABLE_DEBUG_INFO = NO;
				SDKROOT = iphoneos;
				SWIFT_OPTIMIZATION_LEVEL = "-Owholemodule";
				VALIDATE_PRODUCT = YES;
			};
			name = Release;
		};
		A9E65EAB208930E60059E935 /* Debug */ = {
			isa = XCBuildConfiguration;
			buildSettings = {
				ASSETCATALOG_COMPILER_APPICON_NAME = AppIcon;
				INFOPLIST_FILE = "Search-Filter/Info.plist";
				LD_RUNPATH_SEARCH_PATHS = "$(inherited) @executable_path/Frameworks";
				PRODUCT_BUNDLE_IDENTIFIER = "Antonio.Search-Filter";
				PRODUCT_NAME = "$(TARGET_NAME)";
				SWIFT_VERSION = 3.0;
			};
			name = Debug;
		};
		A9E65EAC208930E60059E935 /* Release */ = {
			isa = XCBuildConfiguration;
			buildSettings = {
				ASSETCATALOG_COMPILER_APPICON_NAME = AppIcon;
				INFOPLIST_FILE = "Search-Filter/Info.plist";
				LD_RUNPATH_SEARCH_PATHS = "$(inherited) @executable_path/Frameworks";
				PRODUCT_BUNDLE_IDENTIFIER = "Antonio.Search-Filter";
				PRODUCT_NAME = "$(TARGET_NAME)";
				SWIFT_VERSION = 3.0;
			};
			name = Release;
		};
		A9E65EAE208930E60059E935 /* Debug */ = {
			isa = XCBuildConfiguration;
			buildSettings = {
				ALWAYS_EMBED_SWIFT_STANDARD_LIBRARIES = YES;
				BUNDLE_LOADER = "$(TEST_HOST)";
				INFOPLIST_FILE = "Search-FilterTests/Info.plist";
				LD_RUNPATH_SEARCH_PATHS = "$(inherited) @executable_path/Frameworks @loader_path/Frameworks";
				PRODUCT_BUNDLE_IDENTIFIER = "Antonio.Search-FilterTests";
				PRODUCT_NAME = "$(TARGET_NAME)";
				SWIFT_VERSION = 3.0;
				TEST_HOST = "$(BUILT_PRODUCTS_DIR)/Search-Filter.app/Search-Filter";
			};
			name = Debug;
		};
		A9E65EAF208930E60059E935 /* Release */ = {
			isa = XCBuildConfiguration;
			buildSettings = {
				ALWAYS_EMBED_SWIFT_STANDARD_LIBRARIES = YES;
				BUNDLE_LOADER = "$(TEST_HOST)";
				INFOPLIST_FILE = "Search-FilterTests/Info.plist";
				LD_RUNPATH_SEARCH_PATHS = "$(inherited) @executable_path/Frameworks @loader_path/Frameworks";
				PRODUCT_BUNDLE_IDENTIFIER = "Antonio.Search-FilterTests";
				PRODUCT_NAME = "$(TARGET_NAME)";
				SWIFT_VERSION = 3.0;
				TEST_HOST = "$(BUILT_PRODUCTS_DIR)/Search-Filter.app/Search-Filter";
			};
			name = Release;
		};
		A9E65EB1208930E60059E935 /* Debug */ = {
			isa = XCBuildConfiguration;
			buildSettings = {
				ALWAYS_EMBED_SWIFT_STANDARD_LIBRARIES = YES;
				INFOPLIST_FILE = "Search-FilterUITests/Info.plist";
				LD_RUNPATH_SEARCH_PATHS = "$(inherited) @executable_path/Frameworks @loader_path/Frameworks";
				PRODUCT_BUNDLE_IDENTIFIER = "Antonio.Search-FilterUITests";
				PRODUCT_NAME = "$(TARGET_NAME)";
				SWIFT_VERSION = 3.0;
				TEST_TARGET_NAME = "Search-Filter";
			};
			name = Debug;
		};
		A9E65EB2208930E60059E935 /* Release */ = {
			isa = XCBuildConfiguration;
			buildSettings = {
				ALWAYS_EMBED_SWIFT_STANDARD_LIBRARIES = YES;
				INFOPLIST_FILE = "Search-FilterUITests/Info.plist";
				LD_RUNPATH_SEARCH_PATHS = "$(inherited) @executable_path/Frameworks @loader_path/Frameworks";
				PRODUCT_BUNDLE_IDENTIFIER = "Antonio.Search-FilterUITests";
				PRODUCT_NAME = "$(TARGET_NAME)";
				SWIFT_VERSION = 3.0;
				TEST_TARGET_NAME = "Search-Filter";
			};
			name = Release;
		};
/* End XCBuildConfiguration section */

/* Begin XCConfigurationList section */
		A9E65E7D208930E60059E935 /* Build configuration list for PBXProject "Search-Filter" */ = {
			isa = XCConfigurationList;
			buildConfigurations = (
				A9E65EA8208930E60059E935 /* Debug */,
				A9E65EA9208930E60059E935 /* Release */,
			);
			defaultConfigurationIsVisible = 0;
			defaultConfigurationName = Release;
		};
		A9E65EAA208930E60059E935 /* Build configuration list for PBXNativeTarget "Search-Filter" */ = {
			isa = XCConfigurationList;
			buildConfigurations = (
				A9E65EAB208930E60059E935 /* Debug */,
				A9E65EAC208930E60059E935 /* Release */,
			);
			defaultConfigurationIsVisible = 0;
		};
		A9E65EAD208930E60059E935 /* Build configuration list for PBXNativeTarget "Search-FilterTests" */ = {
			isa = XCConfigurationList;
			buildConfigurations = (
				A9E65EAE208930E60059E935 /* Debug */,
				A9E65EAF208930E60059E935 /* Release */,
			);
			defaultConfigurationIsVisible = 0;
		};
		A9E65EB0208930E60059E935 /* Build configuration list for PBXNativeTarget "Search-FilterUITests" */ = {
			isa = XCConfigurationList;
			buildConfigurations = (
				A9E65EB1208930E60059E935 /* Debug */,
				A9E65EB2208930E60059E935 /* Release */,
			);
			defaultConfigurationIsVisible = 0;
		};
/* End XCConfigurationList section */
	};
	rootObject = A9E65E7A208930E60059E935 /* Project object */;
}
